
Microsoft Visual Studio Solution File, Format Version 12.00
# Visual Studio Version 17
VisualStudioVersion = 17.3.32825.248
MinimumVisualStudioVersion = 10.0.40219.1
Project("{FAE04EC0-301F-11D3-BF4B-00C04F79EFBC}") = "studioTwo", "studioTwo\studioTwo.csproj", "{1DC77A7F-F317-40C1-BAF7-524D9A98FA07}"
EndProject
Global
	GlobalSection(SolutionConfigurationPlatforms) = preSolution
		Debug|Any CPU = Debug|Any CPU
		Release|Any CPU = Release|Any CPU
	EndGlobalSection
	GlobalSection(ProjectConfigurationPlatforms) = postSolution
		{1DC77A7F-F317-40C1-BAF7-524D9A98FA07}.Debug|Any CPU.ActiveCfg = Debug|Any CPU
		{1DC77A7F-F317-40C1-BAF7-524D9A98FA07}.Debug|Any CPU.Build.0 = Debug|Any CPU
		{1DC77A7F-F317-40C1-BAF7-524D9A98FA07}.Release|Any CPU.ActiveCfg = Release|Any CPU
		{1DC77A7F-F317-40C1-BAF7-524D9A98FA07}.Release|Any CPU.Build.0 = Release|Any CPU
	EndGlobalSection
	GlobalSection(SolutionProperties) = preSolution
		HideSolutionNode = FALSE
	EndGlobalSection
	GlobalSection(ExtensibilityGlobals) = postSolution
		SolutionGuid = {29ADFFDF-F817-4487-A3A1-41792CCCE054}
	EndGlobalSection
EndGlobal
